
Microsoft Visual Studio Solution File, Format Version 12.00
# Visual Studio Version 17
VisualStudioVersion = 17.9.34616.47
MinimumVisualStudioVersion = 10.0.40219.1
Project("{8BC9CEB8-8B4A-11D0-8D11-00A0C91BC942}") = "AlgoritmaSearch_0048", "AlgoritmaSearch_0048\AlgoritmaSearch_0048.vcxproj", "{AC143C48-AB78-4920-8C28-67364EAB1660}"
EndProject
Global
	GlobalSection(SolutionConfigurationPlatforms) = preSolution
		Debug|x64 = Debug|x64
		Debug|x86 = Debug|x86
		Release|x64 = Release|x64
		Release|x86 = Release|x86
	EndGlobalSection
	GlobalSection(ProjectConfigurationPlatforms) = postSolution
		{AC143C48-AB78-4920-8C28-67364EAB1660}.Debug|x64.ActiveCfg = Debug|x64
		{AC143C48-AB78-4920-8C28-67364EAB1660}.Debug|x64.Build.0 = Debug|x64
		{AC143C48-AB78-4920-8C28-67364EAB1660}.Debug|x86.ActiveCfg = Debug|Win32
		{AC143C48-AB78-4920-8C28-67364EAB1660}.Debug|x86.Build.0 = Debug|Win32
		{AC143C48-AB78-4920-8C28-67364EAB1660}.Release|x64.ActiveCfg = Release|x64
		{AC143C48-AB78-4920-8C28-67364EAB1660}.Release|x64.Build.0 = Release|x64
		{AC143C48-AB78-4920-8C28-67364EAB1660}.Release|x86.ActiveCfg = Release|Win32
		{AC143C48-AB78-4920-8C28-67364EAB1660}.Release|x86.Build.0 = Release|Win32
	EndGlobalSection
	GlobalSection(SolutionProperties) = preSolution
		HideSolutionNode = FALSE
	EndGlobalSection
	GlobalSection(ExtensibilityGlobals) = postSolution
		SolutionGuid = {FA9C067D-5602-4311-8F7D-38D046B294DB}
	EndGlobalSection
EndGlobal
